
Microsoft Visual Studio Solution File, Format Version 12.00
# Visual Studio Version 16
VisualStudioVersion = 16.0.30011.22
MinimumVisualStudioVersion = 10.0.40219.1
Project("{FAE04EC0-301F-11D3-BF4B-00C04F79EFBC}") = "Blazor-Sample", "Blazor-Sample\Blazor-Sample.csproj", "{F947137D-F5D0-44DE-951C-E118370ED0F6}"
EndProject
Global
	GlobalSection(SolutionConfigurationPlatforms) = preSolution
		Debug|Any CPU = Debug|Any CPU
		Release|Any CPU = Release|Any CPU
	EndGlobalSection
	GlobalSection(ProjectConfigurationPlatforms) = postSolution
		{F947137D-F5D0-44DE-951C-E118370ED0F6}.Debug|Any CPU.ActiveCfg = Debug|Any CPU
		{F947137D-F5D0-44DE-951C-E118370ED0F6}.Debug|Any CPU.Build.0 = Debug|Any CPU
		{F947137D-F5D0-44DE-951C-E118370ED0F6}.Release|Any CPU.ActiveCfg = Release|Any CPU
		{F947137D-F5D0-44DE-951C-E118370ED0F6}.Release|Any CPU.Build.0 = Release|Any CPU
	EndGlobalSection
	GlobalSection(SolutionProperties) = preSolution
		HideSolutionNode = FALSE
	EndGlobalSection
	GlobalSection(ExtensibilityGlobals) = postSolution
		SolutionGuid = {97D75736-AD37-43E7-A620-01580069F05B}
	EndGlobalSection
EndGlobal
